
Microsoft Visual Studio Solution File, Format Version 12.00
# Visual Studio Version 17
VisualStudioVersion = 17.2.32630.192
MinimumVisualStudioVersion = 10.0.40219.1
Project("{9A19103F-16F7-4668-BE54-9A1E7A4F7556}") = "Checkers", "Checkers.csproj", "{684BDE46-FAA1-4E7C-943D-99A71FEEDFC9}"
EndProject
Project("{2150E333-8FDC-42A3-9474-1A3956D46DE8}") = "Solution Items", "Solution Items", "{840581A6-60C5-43CA-8013-A0958CCDB5F9}"
	ProjectSection(SolutionItems) = preProject
		.editorconfig = .editorconfig
	EndProjectSection
EndProject
Global
	GlobalSection(SolutionConfigurationPlatforms) = preSolution
		Debug|Any CPU = Debug|Any CPU
		Release|Any CPU = Release|Any CPU
	EndGlobalSection
	GlobalSection(ProjectConfigurationPlatforms) = postSolution
		{684BDE46-FAA1-4E7C-943D-99A71FEEDFC9}.Debug|Any CPU.ActiveCfg = Debug|Any CPU
		{684BDE46-FAA1-4E7C-943D-99A71FEEDFC9}.Debug|Any CPU.Build.0 = Debug|Any CPU
		{684BDE46-FAA1-4E7C-943D-99A71FEEDFC9}.Release|Any CPU.ActiveCfg = Release|Any CPU
		{684BDE46-FAA1-4E7C-943D-99A71FEEDFC9}.Release|Any CPU.Build.0 = Release|Any CPU
	EndGlobalSection
	GlobalSection(SolutionProperties) = preSolution
		HideSolutionNode = FALSE
	EndGlobalSection
	GlobalSection(ExtensibilityGlobals) = postSolution
		SolutionGuid = {B771EB7D-0A70-451D-B51B-D6262C777397}
	EndGlobalSection
EndGlobal
