
Microsoft Visual Studio Solution File, Format Version 12.00
# Visual Studio Version 17
VisualStudioVersion = 17.3.32819.101
MinimumVisualStudioVersion = 10.0.40219.1
Project("{FAE04EC0-301F-11D3-BF4B-00C04F79EFBC}") = "UnitTest", "UnitTest.csproj", "{C11B0483-B6AE-42E2-95D6-20766A7FFCAA}"
EndProject
Global
	GlobalSection(SolutionConfigurationPlatforms) = preSolution
		Debug|Any CPU = Debug|Any CPU
		Release|Any CPU = Release|Any CPU
	EndGlobalSection
	GlobalSection(ProjectConfigurationPlatforms) = postSolution
		{C11B0483-B6AE-42E2-95D6-20766A7FFCAA}.Debug|Any CPU.ActiveCfg = Debug|Any CPU
		{C11B0483-B6AE-42E2-95D6-20766A7FFCAA}.Debug|Any CPU.Build.0 = Debug|Any CPU
		{C11B0483-B6AE-42E2-95D6-20766A7FFCAA}.Release|Any CPU.ActiveCfg = Release|Any CPU
		{C11B0483-B6AE-42E2-95D6-20766A7FFCAA}.Release|Any CPU.Build.0 = Release|Any CPU
	EndGlobalSection
	GlobalSection(SolutionProperties) = preSolution
		HideSolutionNode = FALSE
	EndGlobalSection
	GlobalSection(ExtensibilityGlobals) = postSolution
		SolutionGuid = {7FD8D399-02D1-4DC9-933B-AD6F9125D083}
	EndGlobalSection
EndGlobal
